
Microsoft Visual Studio Solution File, Format Version 12.00
# Visual Studio Version 17
VisualStudioVersion = 17.1.32228.430
MinimumVisualStudioVersion = 10.0.40219.1
Project("{FAE04EC0-301F-11D3-BF4B-00C04F79EFBC}") = "PizzaSuperb", "PizzaSuperb\PizzaSuperb.csproj", "{0904D67C-71F6-4F5E-B8BA-BFDC0CD4559C}"
EndProject
Global
	GlobalSection(SolutionConfigurationPlatforms) = preSolution
		Debug|Any CPU = Debug|Any CPU
		Release|Any CPU = Release|Any CPU
	EndGlobalSection
	GlobalSection(ProjectConfigurationPlatforms) = postSolution
		{0904D67C-71F6-4F5E-B8BA-BFDC0CD4559C}.Debug|Any CPU.ActiveCfg = Debug|Any CPU
		{0904D67C-71F6-4F5E-B8BA-BFDC0CD4559C}.Debug|Any CPU.Build.0 = Debug|Any CPU
		{0904D67C-71F6-4F5E-B8BA-BFDC0CD4559C}.Release|Any CPU.ActiveCfg = Release|Any CPU
		{0904D67C-71F6-4F5E-B8BA-BFDC0CD4559C}.Release|Any CPU.Build.0 = Release|Any CPU
	EndGlobalSection
	GlobalSection(SolutionProperties) = preSolution
		HideSolutionNode = FALSE
	EndGlobalSection
	GlobalSection(ExtensibilityGlobals) = postSolution
		SolutionGuid = {DE3D93F9-F43D-4622-A759-9FB18D38614C}
	EndGlobalSection
EndGlobal
